// !$*UTF8*$!
{
	archiveVersion = 1;
	classes = {
	};
	objectVersion = 56;
	objects = {

/* Begin PBXBuildFile section */
		4A1D79462AFAF9AD009A6F34 /* AddAppointmentView.swift in Sources */ = {isa = PBXBuildFile; fileRef = 4A1D79452AFAF9AD009A6F34 /* AddAppointmentView.swift */; };
		4A1D79482AFAF9EA009A6F34 /* AppointmentRow.swift in Sources */ = {isa = PBXBuildFile; fileRef = 4A1D79472AFAF9EA009A6F34 /* AppointmentRow.swift */; };
		4A89B7B62B0D001F00257834 /* MapView.swift in Sources */ = {isa = PBXBuildFile; fileRef = 4A89B7B52B0D001F00257834 /* MapView.swift */; };
		4A89B7B82B0D002D00257834 /* LocationDetailsView.swift in Sources */ = {isa = PBXBuildFile; fileRef = 4A89B7B72B0D002D00257834 /* LocationDetailsView.swift */; };
		4A89B7BE2B0D285500257834 /*  UniqueMapItem.swift in Sources */ = {isa = PBXBuildFile; fileRef = 4A89B7BD2B0D285500257834 /*  UniqueMapItem.swift */; };
		4A8A4B992AE9F5FF002C7239 /* TrackView.swift in Sources */ = {isa = PBXBuildFile; fileRef = 4A8A4B982AE9F5FF002C7239 /* TrackView.swift */; };
		4A8A4B9B2AE9F61A002C7239 /* DoseTrackerView.swift in Sources */ = {isa = PBXBuildFile; fileRef = 4A8A4B9A2AE9F61A002C7239 /* DoseTrackerView.swift */; };
		4A9E7BA92B0CFC58008A817D /* LocationManager.swift in Sources */ = {isa = PBXBuildFile; fileRef = 4A9E7BA82B0CFC58008A817D /* LocationManager.swift */; };
		6E777A0C2AF6B00100FE9CE6 /* EditProfileView.swift in Sources */ = {isa = PBXBuildFile; fileRef = 6E777A0B2AF6B00100FE9CE6 /* EditProfileView.swift */; };
		6E7DA4712AE9FE7D000696B9 /* SettingsView.swift in Sources */ = {isa = PBXBuildFile; fileRef = 6E7DA4702AE9FE7D000696B9 /* SettingsView.swift */; };
		6E7DA4732AE9FE94000696B9 /* ProfileRow.swift in Sources */ = {isa = PBXBuildFile; fileRef = 6E7DA4722AE9FE94000696B9 /* ProfileRow.swift */; };
		AE3C3C482AE9FAE200FCBF37 /* MedicationRow.swift in Sources */ = {isa = PBXBuildFile; fileRef = AE3C3C472AE9FAE200FCBF37 /* MedicationRow.swift */; };
		DDF5F02C2AF9C85A000D8F76 /* MedicationFilterView.swift in Sources */ = {isa = PBXBuildFile; fileRef = DDF5F02B2AF9C85A000D8F76 /* MedicationFilterView.swift */; };
		FD1B61082B267879004F1302 /* HistoryListView.swift in Sources */ = {isa = PBXBuildFile; fileRef = FD1B61072B267879004F1302 /* HistoryListView.swift */; };
		FD1B610A2B2678C5004F1302 /* HistoryViewModel.swift in Sources */ = {isa = PBXBuildFile; fileRef = FD1B61092B2678C5004F1302 /* HistoryViewModel.swift */; };
		FD1B610C2B2678EB004F1302 /* History.swift in Sources */ = {isa = PBXBuildFile; fileRef = FD1B610B2B2678EB004F1302 /* History.swift */; };
		FD1B61102B2679A8004F1302 /* SQLite in Frameworks */ = {isa = PBXBuildFile; productRef = FD1B610F2B2679A8004F1302 /* SQLite */; };
		FD2CF9BE2AED872C00CF6FBC /* NotificationViewModel.swift in Sources */ = {isa = PBXBuildFile; fileRef = FD2CF9BD2AED872C00CF6FBC /* NotificationViewModel.swift */; };
		FDB87D2C2AE4200500B9B6A5 /* DatabaseHelper.swift in Sources */ = {isa = PBXBuildFile; fileRef = FDB87D2B2AE4200500B9B6A5 /* DatabaseHelper.swift */; };
		FDB87D2E2AE4201D00B9B6A5 /* User.swift in Sources */ = {isa = PBXBuildFile; fileRef = FDB87D2D2AE4201D00B9B6A5 /* User.swift */; };
		FDB87D302AE4202D00B9B6A5 /* Medication.swift in Sources */ = {isa = PBXBuildFile; fileRef = FDB87D2F2AE4202D00B9B6A5 /* Medication.swift */; };
		FDB87D322AE4203C00B9B6A5 /* Appointment.swift in Sources */ = {isa = PBXBuildFile; fileRef = FDB87D312AE4203C00B9B6A5 /* Appointment.swift */; };
		FDB87D342AE4205500B9B6A5 /* NotificationManager.swift in Sources */ = {isa = PBXBuildFile; fileRef = FDB87D332AE4205500B9B6A5 /* NotificationManager.swift */; };
		FDB87D362AE420D400B9B6A5 /* ProfileViewModel.swift in Sources */ = {isa = PBXBuildFile; fileRef = FDB87D352AE420D400B9B6A5 /* ProfileViewModel.swift */; };
		FDB87D382AE420E200B9B6A5 /* MedicationViewModel.swift in Sources */ = {isa = PBXBuildFile; fileRef = FDB87D372AE420E200B9B6A5 /* MedicationViewModel.swift */; };
		FDB87D3A2AE420FD00B9B6A5 /* AppointmentViewModel.swift in Sources */ = {isa = PBXBuildFile; fileRef = FDB87D392AE420FD00B9B6A5 /* AppointmentViewModel.swift */; };
		FDB87D3E2AE4250800B9B6A5 /* MedicationListView.swift in Sources */ = {isa = PBXBuildFile; fileRef = FDB87D3D2AE4250800B9B6A5 /* MedicationListView.swift */; };
		FDB87D432AE4255000B9B6A5 /* AppointmentListView.swift in Sources */ = {isa = PBXBuildFile; fileRef = FDB87D422AE4255000B9B6A5 /* AppointmentListView.swift */; };
		FDB87D482AE4259600B9B6A5 /* ProfileView.swift in Sources */ = {isa = PBXBuildFile; fileRef = FDB87D472AE4259600B9B6A5 /* ProfileView.swift */; };
		FDB87D4A2AE425B400B9B6A5 /* SupportView.swift in Sources */ = {isa = PBXBuildFile; fileRef = FDB87D492AE425B400B9B6A5 /* SupportView.swift */; };
		FDB87D552AE4762F00B9B6A5 /* MyTab.swift in Sources */ = {isa = PBXBuildFile; fileRef = FDB87D542AE4762F00B9B6A5 /* MyTab.swift */; };
		FDB87D572AE4A6F400B9B6A5 /* AddMedicationView.swift in Sources */ = {isa = PBXBuildFile; fileRef = FDB87D562AE4A6F400B9B6A5 /* AddMedicationView.swift */; };
		FDB87D592AE4BC0800B9B6A5 /* MedicationFrequencyView.swift in Sources */ = {isa = PBXBuildFile; fileRef = FDB87D582AE4BC0800B9B6A5 /* MedicationFrequencyView.swift */; };
		FDB87D5D2AE59DC400B9B6A5 /* MedicationReminderView.swift in Sources */ = {isa = PBXBuildFile; fileRef = FDB87D5C2AE59DC400B9B6A5 /* MedicationReminderView.swift */; };
		FDB87D622AE5E78200B9B6A5 /* HelperFunction.swift in Sources */ = {isa = PBXBuildFile; fileRef = FDB87D612AE5E78200B9B6A5 /* HelperFunction.swift */; };
		FDC90BBB2AD8D684005A9A1E /* MedWiseApp.swift in Sources */ = {isa = PBXBuildFile; fileRef = FDC90BBA2AD8D684005A9A1E /* MedWiseApp.swift */; };
		FDC90BBD2AD8D684005A9A1E /* ContentView.swift in Sources */ = {isa = PBXBuildFile; fileRef = FDC90BBC2AD8D684005A9A1E /* ContentView.swift */; };
		FDC90BBF2AD8D685005A9A1E /* Assets.xcassets in Resources */ = {isa = PBXBuildFile; fileRef = FDC90BBE2AD8D685005A9A1E /* Assets.xcassets */; };
		FDC90BC22AD8D685005A9A1E /* Preview Assets.xcassets in Resources */ = {isa = PBXBuildFile; fileRef = FDC90BC12AD8D685005A9A1E /* Preview Assets.xcassets */; };
/* End PBXBuildFile section */

/* Begin PBXFileReference section */
		4A1D79452AFAF9AD009A6F34 /* AddAppointmentView.swift */ = {isa = PBXFileReference; lastKnownFileType = sourcecode.swift; path = AddAppointmentView.swift; sourceTree = "<group>"; };
		4A1D79472AFAF9EA009A6F34 /* AppointmentRow.swift */ = {isa = PBXFileReference; lastKnownFileType = sourcecode.swift; path = AppointmentRow.swift; sourceTree = "<group>"; };
		4A89B7B52B0D001F00257834 /* MapView.swift */ = {isa = PBXFileReference; lastKnownFileType = sourcecode.swift; path = MapView.swift; sourceTree = "<group>"; };
		4A89B7B72B0D002D00257834 /* LocationDetailsView.swift */ = {isa = PBXFileReference; lastKnownFileType = sourcecode.swift; path = LocationDetailsView.swift; sourceTree = "<group>"; };
		4A89B7BD2B0D285500257834 /*  UniqueMapItem.swift */ = {isa = PBXFileReference; lastKnownFileType = sourcecode.swift; path = " UniqueMapItem.swift"; sourceTree = "<group>"; };
		4A8A4B982AE9F5FF002C7239 /* TrackView.swift */ = {isa = PBXFileReference; lastKnownFileType = sourcecode.swift; path = TrackView.swift; sourceTree = "<group>"; };
		4A8A4B9A2AE9F61A002C7239 /* DoseTrackerView.swift */ = {isa = PBXFileReference; lastKnownFileType = sourcecode.swift; path = DoseTrackerView.swift; sourceTree = "<group>"; };
		4A9E7BA82B0CFC58008A817D /* LocationManager.swift */ = {isa = PBXFileReference; lastKnownFileType = sourcecode.swift; path = LocationManager.swift; sourceTree = "<group>"; };
		6E777A0B2AF6B00100FE9CE6 /* EditProfileView.swift */ = {isa = PBXFileReference; lastKnownFileType = sourcecode.swift; path = EditProfileView.swift; sourceTree = "<group>"; };
		6E7DA4702AE9FE7D000696B9 /* SettingsView.swift */ = {isa = PBXFileReference; lastKnownFileType = sourcecode.swift; path = SettingsView.swift; sourceTree = "<group>"; };
		6E7DA4722AE9FE94000696B9 /* ProfileRow.swift */ = {isa = PBXFileReference; lastKnownFileType = sourcecode.swift; path = ProfileRow.swift; sourceTree = "<group>"; };
		AE3C3C472AE9FAE200FCBF37 /* MedicationRow.swift */ = {isa = PBXFileReference; lastKnownFileType = sourcecode.swift; path = MedicationRow.swift; sourceTree = "<group>"; };
		DDF5F02B2AF9C85A000D8F76 /* MedicationFilterView.swift */ = {isa = PBXFileReference; lastKnownFileType = sourcecode.swift; path = MedicationFilterView.swift; sourceTree = "<group>"; };
		FD1B61072B267879004F1302 /* HistoryListView.swift */ = {isa = PBXFileReference; lastKnownFileType = sourcecode.swift; path = HistoryListView.swift; sourceTree = "<group>"; };
		FD1B61092B2678C5004F1302 /* HistoryViewModel.swift */ = {isa = PBXFileReference; lastKnownFileType = sourcecode.swift; path = HistoryViewModel.swift; sourceTree = "<group>"; };
		FD1B610B2B2678EB004F1302 /* History.swift */ = {isa = PBXFileReference; lastKnownFileType = sourcecode.swift; path = History.swift; sourceTree = "<group>"; };
		FD2CF9BD2AED872C00CF6FBC /* NotificationViewModel.swift */ = {isa = PBXFileReference; lastKnownFileType = sourcecode.swift; path = NotificationViewModel.swift; sourceTree = "<group>"; };
		FDB87D2B2AE4200500B9B6A5 /* DatabaseHelper.swift */ = {isa = PBXFileReference; lastKnownFileType = sourcecode.swift; path = DatabaseHelper.swift; sourceTree = "<group>"; };
		FDB87D2D2AE4201D00B9B6A5 /* User.swift */ = {isa = PBXFileReference; lastKnownFileType = sourcecode.swift; path = User.swift; sourceTree = "<group>"; };
		FDB87D2F2AE4202D00B9B6A5 /* Medication.swift */ = {isa = PBXFileReference; lastKnownFileType = sourcecode.swift; path = Medication.swift; sourceTree = "<group>"; };
		FDB87D312AE4203C00B9B6A5 /* Appointment.swift */ = {isa = PBXFileReference; lastKnownFileType = sourcecode.swift; path = Appointment.swift; sourceTree = "<group>"; };
		FDB87D332AE4205500B9B6A5 /* NotificationManager.swift */ = {isa = PBXFileReference; lastKnownFileType = sourcecode.swift; path = NotificationManager.swift; sourceTree = "<group>"; };
		FDB87D352AE420D400B9B6A5 /* ProfileViewModel.swift */ = {isa = PBXFileReference; lastKnownFileType = sourcecode.swift; path = ProfileViewModel.swift; sourceTree = "<group>"; };
		FDB87D372AE420E200B9B6A5 /* MedicationViewModel.swift */ = {isa = PBXFileReference; lastKnownFileType = sourcecode.swift; path = MedicationViewModel.swift; sourceTree = "<group>"; };
		FDB87D392AE420FD00B9B6A5 /* AppointmentViewModel.swift */ = {isa = PBXFileReference; lastKnownFileType = sourcecode.swift; path = AppointmentViewModel.swift; sourceTree = "<group>"; };
		FDB87D3D2AE4250800B9B6A5 /* MedicationListView.swift */ = {isa = PBXFileReference; lastKnownFileType = sourcecode.swift; path = MedicationListView.swift; sourceTree = "<group>"; };
		FDB87D422AE4255000B9B6A5 /* AppointmentListView.swift */ = {isa = PBXFileReference; lastKnownFileType = sourcecode.swift; path = AppointmentListView.swift; sourceTree = "<group>"; };
		FDB87D472AE4259600B9B6A5 /* ProfileView.swift */ = {isa = PBXFileReference; lastKnownFileType = sourcecode.swift; path = ProfileView.swift; sourceTree = "<group>"; };
		FDB87D492AE425B400B9B6A5 /* SupportView.swift */ = {isa = PBXFileReference; lastKnownFileType = sourcecode.swift; path = SupportView.swift; sourceTree = "<group>"; };
		FDB87D542AE4762F00B9B6A5 /* MyTab.swift */ = {isa = PBXFileReference; lastKnownFileType = sourcecode.swift; path = MyTab.swift; sourceTree = "<group>"; };
		FDB87D562AE4A6F400B9B6A5 /* AddMedicationView.swift */ = {isa = PBXFileReference; lastKnownFileType = sourcecode.swift; path = AddMedicationView.swift; sourceTree = "<group>"; };
		FDB87D582AE4BC0800B9B6A5 /* MedicationFrequencyView.swift */ = {isa = PBXFileReference; lastKnownFileType = sourcecode.swift; path = MedicationFrequencyView.swift; sourceTree = "<group>"; };
		FDB87D5C2AE59DC400B9B6A5 /* MedicationReminderView.swift */ = {isa = PBXFileReference; lastKnownFileType = sourcecode.swift; path = MedicationReminderView.swift; sourceTree = "<group>"; };
		FDB87D612AE5E78200B9B6A5 /* HelperFunction.swift */ = {isa = PBXFileReference; lastKnownFileType = sourcecode.swift; path = HelperFunction.swift; sourceTree = "<group>"; };
		FDC90BB72AD8D684005A9A1E /* MedWise.app */ = {isa = PBXFileReference; explicitFileType = wrapper.application; includeInIndex = 0; path = MedWise.app; sourceTree = BUILT_PRODUCTS_DIR; };
		FDC90BBA2AD8D684005A9A1E /* MedWiseApp.swift */ = {isa = PBXFileReference; lastKnownFileType = sourcecode.swift; path = MedWiseApp.swift; sourceTree = "<group>"; };
		FDC90BBC2AD8D684005A9A1E /* ContentView.swift */ = {isa = PBXFileReference; lastKnownFileType = sourcecode.swift; path = ContentView.swift; sourceTree = "<group>"; };
		FDC90BBE2AD8D685005A9A1E /* Assets.xcassets */ = {isa = PBXFileReference; lastKnownFileType = folder.assetcatalog; path = Assets.xcassets; sourceTree = "<group>"; };
		FDC90BC12AD8D685005A9A1E /* Preview Assets.xcassets */ = {isa = PBXFileReference; lastKnownFileType = folder.assetcatalog; path = "Preview Assets.xcassets"; sourceTree = "<group>"; };
/* End PBXFileReference section */

/* Begin PBXFrameworksBuildPhase section */
		FDC90BB42AD8D684005A9A1E /* Frameworks */ = {
			isa = PBXFrameworksBuildPhase;
			buildActionMask = 2147483647;
			files = (
				FD1B61102B2679A8004F1302 /* SQLite in Frameworks */,
			);
			runOnlyForDeploymentPostprocessing = 0;
		};
/* End PBXFrameworksBuildPhase section */

/* Begin PBXGroup section */
		4A9E7BAA2B0CFC8C008A817D /* Map */ = {
			isa = PBXGroup;
			children = (
				4A89B7B52B0D001F00257834 /* MapView.swift */,
				4A89B7B72B0D002D00257834 /* LocationDetailsView.swift */,
			);
			path = Map;
			sourceTree = "<group>";
		};
		FD1B61062B267868004F1302 /* History */ = {
			isa = PBXGroup;
			children = (
				FD1B61072B267879004F1302 /* HistoryListView.swift */,
			);
			path = History;
			sourceTree = "<group>";
		};
		FDB87D252AE40E9800B9B6A5 /* Medication */ = {
			isa = PBXGroup;
			children = (
				FDB87D3D2AE4250800B9B6A5 /* MedicationListView.swift */,
				FDB87D562AE4A6F400B9B6A5 /* AddMedicationView.swift */,
				FDB87D582AE4BC0800B9B6A5 /* MedicationFrequencyView.swift */,
				FDB87D5C2AE59DC400B9B6A5 /* MedicationReminderView.swift */,
				4A8A4B982AE9F5FF002C7239 /* TrackView.swift */,
				4A8A4B9A2AE9F61A002C7239 /* DoseTrackerView.swift */,
				AE3C3C472AE9FAE200FCBF37 /* MedicationRow.swift */,
				DDF5F02B2AF9C85A000D8F76 /* MedicationFilterView.swift */,
			);
			path = Medication;
			sourceTree = "<group>";
		};
		FDB87D262AE4185400B9B6A5 /* Views */ = {
			isa = PBXGroup;
			children = (
				FD1B61062B267868004F1302 /* History */,
				4A9E7BAA2B0CFC8C008A817D /* Map */,
				FDB87D442AE4255D00B9B6A5 /* Support */,
				FDB87D3C2AE4211500B9B6A5 /* Appointment */,
				FDB87D3B2AE4210700B9B6A5 /* Profile */,
				FDB87D252AE40E9800B9B6A5 /* Medication */,
			);
			path = Views;
			sourceTree = "<group>";
		};
		FDB87D272AE4188300B9B6A5 /* ViewModels */ = {
			isa = PBXGroup;
			children = (
				FDB87D352AE420D400B9B6A5 /* ProfileViewModel.swift */,
				FDB87D372AE420E200B9B6A5 /* MedicationViewModel.swift */,
				FDB87D392AE420FD00B9B6A5 /* AppointmentViewModel.swift */,
				FD2CF9BD2AED872C00CF6FBC /* NotificationViewModel.swift */,
				FD1B61092B2678C5004F1302 /* HistoryViewModel.swift */,
			);
			path = ViewModels;
			sourceTree = "<group>";
		};
		FDB87D282AE4188E00B9B6A5 /* Database */ = {
			isa = PBXGroup;
			children = (
				FDB87D2B2AE4200500B9B6A5 /* DatabaseHelper.swift */,
			);
			path = Database;
			sourceTree = "<group>";
		};
		FDB87D292AE4189B00B9B6A5 /* Utilities */ = {
			isa = PBXGroup;
			children = (
				FDB87D332AE4205500B9B6A5 /* NotificationManager.swift */,
				4A9E7BA82B0CFC58008A817D /* LocationManager.swift */,
			);
			path = Utilities;
			sourceTree = "<group>";
		};
		FDB87D2A2AE41CFB00B9B6A5 /* Models */ = {
			isa = PBXGroup;
			children = (
				FDB87D2D2AE4201D00B9B6A5 /* User.swift */,
				FDB87D2F2AE4202D00B9B6A5 /* Medication.swift */,
				FDB87D312AE4203C00B9B6A5 /* Appointment.swift */,
				4A89B7BD2B0D285500257834 /*  UniqueMapItem.swift */,
				FD1B610B2B2678EB004F1302 /* History.swift */,
			);
			path = Models;
			sourceTree = "<group>";
		};
		FDB87D3B2AE4210700B9B6A5 /* Profile */ = {
			isa = PBXGroup;
			children = (
				FDB87D472AE4259600B9B6A5 /* ProfileView.swift */,
				6E7DA4702AE9FE7D000696B9 /* SettingsView.swift */,
				6E7DA4722AE9FE94000696B9 /* ProfileRow.swift */,
				6E777A0B2AF6B00100FE9CE6 /* EditProfileView.swift */,
			);
			path = Profile;
			sourceTree = "<group>";
		};
		FDB87D3C2AE4211500B9B6A5 /* Appointment */ = {
			isa = PBXGroup;
			children = (
				FDB87D422AE4255000B9B6A5 /* AppointmentListView.swift */,
				4A1D79452AFAF9AD009A6F34 /* AddAppointmentView.swift */,
				4A1D79472AFAF9EA009A6F34 /* AppointmentRow.swift */,
			);
			path = Appointment;
			sourceTree = "<group>";
		};
		FDB87D442AE4255D00B9B6A5 /* Support */ = {
			isa = PBXGroup;
			children = (
				FDB87D492AE425B400B9B6A5 /* SupportView.swift */,
			);
			path = Support;
			sourceTree = "<group>";
		};
		FDB87D602AE5E76F00B9B6A5 /* Helper */ = {
			isa = PBXGroup;
			children = (
				FDB87D612AE5E78200B9B6A5 /* HelperFunction.swift */,
			);
			path = Helper;
			sourceTree = "<group>";
		};
		FDC90BAE2AD8D684005A9A1E = {
			isa = PBXGroup;
			children = (
				FDC90BB92AD8D684005A9A1E /* MedWise */,
				FDC90BB82AD8D684005A9A1E /* Products */,
			);
			sourceTree = "<group>";
		};
		FDC90BB82AD8D684005A9A1E /* Products */ = {
			isa = PBXGroup;
			children = (
				FDC90BB72AD8D684005A9A1E /* MedWise.app */,
			);
			name = Products;
			sourceTree = "<group>";
		};
		FDC90BB92AD8D684005A9A1E /* MedWise */ = {
			isa = PBXGroup;
			children = (
				FDB87D602AE5E76F00B9B6A5 /* Helper */,
				FDB87D282AE4188E00B9B6A5 /* Database */,
				FDB87D2A2AE41CFB00B9B6A5 /* Models */,
				FDB87D292AE4189B00B9B6A5 /* Utilities */,
				FDB87D272AE4188300B9B6A5 /* ViewModels */,
				FDB87D262AE4185400B9B6A5 /* Views */,
				FDC90BBA2AD8D684005A9A1E /* MedWiseApp.swift */,
				FDB87D542AE4762F00B9B6A5 /* MyTab.swift */,
				FDC90BBC2AD8D684005A9A1E /* ContentView.swift */,
				FDC90BBE2AD8D685005A9A1E /* Assets.xcassets */,
				FDC90BC02AD8D685005A9A1E /* Preview Content */,
			);
			path = MedWise;
			sourceTree = "<group>";
		};
		FDC90BC02AD8D685005A9A1E /* Preview Content */ = {
			isa = PBXGroup;
			children = (
				FDC90BC12AD8D685005A9A1E /* Preview Assets.xcassets */,
			);
			path = "Preview Content";
			sourceTree = "<group>";
		};
/* End PBXGroup section */

/* Begin PBXNativeTarget section */
		FDC90BB62AD8D684005A9A1E /* MedWise */ = {
			isa = PBXNativeTarget;
			buildConfigurationList = FDC90BC52AD8D685005A9A1E /* Build configuration list for PBXNativeTarget "MedWise" */;
			buildPhases = (
				FDC90BB32AD8D684005A9A1E /* Sources */,
				FDC90BB42AD8D684005A9A1E /* Frameworks */,
				FDC90BB52AD8D684005A9A1E /* Resources */,
			);
			buildRules = (
			);
			dependencies = (
			);
			name = MedWise;
			packageProductDependencies = (
				FD1B610F2B2679A8004F1302 /* SQLite */,
			);
			productName = MedWise;
			productReference = FDC90BB72AD8D684005A9A1E /* MedWise.app */;
			productType = "com.apple.product-type.application";
		};
/* End PBXNativeTarget section */

/* Begin PBXProject section */
		FDC90BAF2AD8D684005A9A1E /* Project object */ = {
			isa = PBXProject;
			attributes = {
				BuildIndependentTargetsInParallel = 1;
				LastSwiftUpdateCheck = 1500;
				LastUpgradeCheck = 1500;
				TargetAttributes = {
					FDC90BB62AD8D684005A9A1E = {
						CreatedOnToolsVersion = 15.0;
					};
				};
			};
			buildConfigurationList = FDC90BB22AD8D684005A9A1E /* Build configuration list for PBXProject "MedWise" */;
			compatibilityVersion = "Xcode 14.0";
			developmentRegion = en;
			hasScannedForEncodings = 0;
			knownRegions = (
				en,
				Base,
			);
			mainGroup = FDC90BAE2AD8D684005A9A1E;
			packageReferences = (
				FDB87D512AE4567300B9B6A5 /* XCRemoteSwiftPackageReference "SQLite.swift" */,
			);
			productRefGroup = FDC90BB82AD8D684005A9A1E /* Products */;
			projectDirPath = "";
			projectRoot = "";
			targets = (
				FDC90BB62AD8D684005A9A1E /* MedWise */,
			);
		};
/* End PBXProject section */

/* Begin PBXResourcesBuildPhase section */
		FDC90BB52AD8D684005A9A1E /* Resources */ = {
			isa = PBXResourcesBuildPhase;
			buildActionMask = 2147483647;
			files = (
				FDC90BC22AD8D685005A9A1E /* Preview Assets.xcassets in Resources */,
				FDC90BBF2AD8D685005A9A1E /* Assets.xcassets in Resources */,
			);
			runOnlyForDeploymentPostprocessing = 0;
		};
/* End PBXResourcesBuildPhase section */

/* Begin PBXSourcesBuildPhase section */
		FDC90BB32AD8D684005A9A1E /* Sources */ = {
			isa = PBXSourcesBuildPhase;
			buildActionMask = 2147483647;
			files = (
				4A89B7B62B0D001F00257834 /* MapView.swift in Sources */,
				FDB87D302AE4202D00B9B6A5 /* Medication.swift in Sources */,
				6E7DA4712AE9FE7D000696B9 /* SettingsView.swift in Sources */,
				4A9E7BA92B0CFC58008A817D /* LocationManager.swift in Sources */,
				FDB87D2E2AE4201D00B9B6A5 /* User.swift in Sources */,
				4A1D79462AFAF9AD009A6F34 /* AddAppointmentView.swift in Sources */,
				4A8A4B9B2AE9F61A002C7239 /* DoseTrackerView.swift in Sources */,
				4A8A4B992AE9F5FF002C7239 /* TrackView.swift in Sources */,
				FDB87D432AE4255000B9B6A5 /* AppointmentListView.swift in Sources */,
				FD1B61082B267879004F1302 /* HistoryListView.swift in Sources */,
				FDB87D572AE4A6F400B9B6A5 /* AddMedicationView.swift in Sources */,
				FDC90BBD2AD8D684005A9A1E /* ContentView.swift in Sources */,
				FDB87D322AE4203C00B9B6A5 /* Appointment.swift in Sources */,
				FDB87D382AE420E200B9B6A5 /* MedicationViewModel.swift in Sources */,
				FDB87D342AE4205500B9B6A5 /* NotificationManager.swift in Sources */,
				FDB87D3A2AE420FD00B9B6A5 /* AppointmentViewModel.swift in Sources */,
				4A89B7BE2B0D285500257834 /*  UniqueMapItem.swift in Sources */,
				AE3C3C482AE9FAE200FCBF37 /* MedicationRow.swift in Sources */,
				FD1B610C2B2678EB004F1302 /* History.swift in Sources */,
				4A1D79482AFAF9EA009A6F34 /* AppointmentRow.swift in Sources */,
				DDF5F02C2AF9C85A000D8F76 /* MedicationFilterView.swift in Sources */,
				FD1B610A2B2678C5004F1302 /* HistoryViewModel.swift in Sources */,
				FDB87D5D2AE59DC400B9B6A5 /* MedicationReminderView.swift in Sources */,
				FDB87D3E2AE4250800B9B6A5 /* MedicationListView.swift in Sources */,
				6E777A0C2AF6B00100FE9CE6 /* EditProfileView.swift in Sources */,
				FDB87D2C2AE4200500B9B6A5 /* DatabaseHelper.swift in Sources */,
				FDB87D552AE4762F00B9B6A5 /* MyTab.swift in Sources */,
				FDB87D362AE420D400B9B6A5 /* ProfileViewModel.swift in Sources */,
				4A89B7B82B0D002D00257834 /* LocationDetailsView.swift in Sources */,
				FDB87D482AE4259600B9B6A5 /* ProfileView.swift in Sources */,
				FDB87D4A2AE425B400B9B6A5 /* SupportView.swift in Sources */,
				6E7DA4732AE9FE94000696B9 /* ProfileRow.swift in Sources */,
				FD2CF9BE2AED872C00CF6FBC /* NotificationViewModel.swift in Sources */,
				FDB87D622AE5E78200B9B6A5 /* HelperFunction.swift in Sources */,
				FDB87D592AE4BC0800B9B6A5 /* MedicationFrequencyView.swift in Sources */,
				FDC90BBB2AD8D684005A9A1E /* MedWiseApp.swift in Sources */,
			);
			runOnlyForDeploymentPostprocessing = 0;
		};
/* End PBXSourcesBuildPhase section */

/* Begin XCBuildConfiguration section */
		FDC90BC32AD8D685005A9A1E /* Debug */ = {
			isa = XCBuildConfiguration;
			buildSettings = {
				ALWAYS_SEARCH_USER_PATHS = NO;
				ASSETCATALOG_COMPILER_GENERATE_SWIFT_ASSET_SYMBOL_EXTENSIONS = YES;
				CLANG_ANALYZER_NONNULL = YES;
				CLANG_ANALYZER_NUMBER_OBJECT_CONVERSION = YES_AGGRESSIVE;
				CLANG_CXX_LANGUAGE_STANDARD = "gnu++20";
				CLANG_ENABLE_MODULES = YES;
				CLANG_ENABLE_OBJC_ARC = YES;
				CLANG_ENABLE_OBJC_WEAK = YES;
				CLANG_WARN_BLOCK_CAPTURE_AUTORELEASING = YES;
				CLANG_WARN_BOOL_CONVERSION = YES;
				CLANG_WARN_COMMA = YES;
				CLANG_WARN_CONSTANT_CONVERSION = YES;
				CLANG_WARN_DEPRECATED_OBJC_IMPLEMENTATIONS = YES;
				CLANG_WARN_DIRECT_OBJC_ISA_USAGE = YES_ERROR;
				CLANG_WARN_DOCUMENTATION_COMMENTS = YES;
				CLANG_WARN_EMPTY_BODY = YES;
				CLANG_WARN_ENUM_CONVERSION = YES;
				CLANG_WARN_INFINITE_RECURSION = YES;
				CLANG_WARN_INT_CONVERSION = YES;
				CLANG_WARN_NON_LITERAL_NULL_CONVERSION = YES;
				CLANG_WARN_OBJC_IMPLICIT_RETAIN_SELF = YES;
				CLANG_WARN_OBJC_LITERAL_CONVERSION = YES;
				CLANG_WARN_OBJC_ROOT_CLASS = YES_ERROR;
				CLANG_WARN_QUOTED_INCLUDE_IN_FRAMEWORK_HEADER = YES;
				CLANG_WARN_RANGE_LOOP_ANALYSIS = YES;
				CLANG_WARN_STRICT_PROTOTYPES = YES;
				CLANG_WARN_SUSPICIOUS_MOVE = YES;
				CLANG_WARN_UNGUARDED_AVAILABILITY = YES_AGGRESSIVE;
				CLANG_WARN_UNREACHABLE_CODE = YES;
				CLANG_WARN__DUPLICATE_METHOD_MATCH = YES;
				COPY_PHASE_STRIP = NO;
				DEBUG_INFORMATION_FORMAT = dwarf;
				ENABLE_STRICT_OBJC_MSGSEND = YES;
				ENABLE_TESTABILITY = YES;
				ENABLE_USER_SCRIPT_SANDBOXING = YES;
				GCC_C_LANGUAGE_STANDARD = gnu17;
				GCC_DYNAMIC_NO_PIC = NO;
				GCC_NO_COMMON_BLOCKS = YES;
				GCC_OPTIMIZATION_LEVEL = 0;
				GCC_PREPROCESSOR_DEFINITIONS = (
					"DEBUG=1",
					"$(inherited)",
				);
				GCC_WARN_64_TO_32_BIT_CONVERSION = YES;
				GCC_WARN_ABOUT_RETURN_TYPE = YES_ERROR;
				GCC_WARN_UNDECLARED_SELECTOR = YES;
				GCC_WARN_UNINITIALIZED_AUTOS = YES_AGGRESSIVE;
				GCC_WARN_UNUSED_FUNCTION = YES;
				GCC_WARN_UNUSED_VARIABLE = YES;
				IPHONEOS_DEPLOYMENT_TARGET = 17.0;
				LOCALIZATION_PREFERS_STRING_CATALOGS = YES;
				MTL_ENABLE_DEBUG_INFO = INCLUDE_SOURCE;
				MTL_FAST_MATH = YES;
				ONLY_ACTIVE_ARCH = YES;
				SDKROOT = iphoneos;
				SWIFT_ACTIVE_COMPILATION_CONDITIONS = "DEBUG $(inherited)";
				SWIFT_OPTIMIZATION_LEVEL = "-Onone";
			};
			name = Debug;
		};
		FDC90BC42AD8D685005A9A1E /* Release */ = {
			isa = XCBuildConfiguration;
			buildSettings = {
				ALWAYS_SEARCH_USER_PATHS = NO;
				ASSETCATALOG_COMPILER_GENERATE_SWIFT_ASSET_SYMBOL_EXTENSIONS = YES;
				CLANG_ANALYZER_NONNULL = YES;
				CLANG_ANALYZER_NUMBER_OBJECT_CONVERSION = YES_AGGRESSIVE;
				CLANG_CXX_LANGUAGE_STANDARD = "gnu++20";
				CLANG_ENABLE_MODULES = YES;
				CLANG_ENABLE_OBJC_ARC = YES;
				CLANG_ENABLE_OBJC_WEAK = YES;
				CLANG_WARN_BLOCK_CAPTURE_AUTORELEASING = YES;
				CLANG_WARN_BOOL_CONVERSION = YES;
				CLANG_WARN_COMMA = YES;
				CLANG_WARN_CONSTANT_CONVERSION = YES;
				CLANG_WARN_DEPRECATED_OBJC_IMPLEMENTATIONS = YES;
				CLANG_WARN_DIRECT_OBJC_ISA_USAGE = YES_ERROR;
				CLANG_WARN_DOCUMENTATION_COMMENTS = YES;
				CLANG_WARN_EMPTY_BODY = YES;
				CLANG_WARN_ENUM_CONVERSION = YES;
				CLANG_WARN_INFINITE_RECURSION = YES;
				CLANG_WARN_INT_CONVERSION = YES;
				CLANG_WARN_NON_LITERAL_NULL_CONVERSION = YES;
				CLANG_WARN_OBJC_IMPLICIT_RETAIN_SELF = YES;
				CLANG_WARN_OBJC_LITERAL_CONVERSION = YES;
				CLANG_WARN_OBJC_ROOT_CLASS = YES_ERROR;
				CLANG_WARN_QUOTED_INCLUDE_IN_FRAMEWORK_HEADER = YES;
				CLANG_WARN_RANGE_LOOP_ANALYSIS = YES;
				CLANG_WARN_STRICT_PROTOTYPES = YES;
				CLANG_WARN_SUSPICIOUS_MOVE = YES;
				CLANG_WARN_UNGUARDED_AVAILABILITY = YES_AGGRESSIVE;
				CLANG_WARN_UNREACHABLE_CODE = YES;
				CLANG_WARN__DUPLICATE_METHOD_MATCH = YES;
				COPY_PHASE_STRIP = NO;
				DEBUG_INFORMATION_FORMAT = "dwarf-with-dsym";
				ENABLE_NS_ASSERTIONS = NO;
				ENABLE_STRICT_OBJC_MSGSEND = YES;
				ENABLE_USER_SCRIPT_SANDBOXING = YES;
				GCC_C_LANGUAGE_STANDARD = gnu17;
				GCC_NO_COMMON_BLOCKS = YES;
				GCC_WARN_64_TO_32_BIT_CONVERSION = YES;
				GCC_WARN_ABOUT_RETURN_TYPE = YES_ERROR;
				GCC_WARN_UNDECLARED_SELECTOR = YES;
				GCC_WARN_UNINITIALIZED_AUTOS = YES_AGGRESSIVE;
				GCC_WARN_UNUSED_FUNCTION = YES;
				GCC_WARN_UNUSED_VARIABLE = YES;
				IPHONEOS_DEPLOYMENT_TARGET = 17.0;
				LOCALIZATION_PREFERS_STRING_CATALOGS = YES;
				MTL_ENABLE_DEBUG_INFO = NO;
				MTL_FAST_MATH = YES;
				SDKROOT = iphoneos;
				SWIFT_COMPILATION_MODE = wholemodule;
				VALIDATE_PRODUCT = YES;
			};
			name = Release;
		};
		FDC90BC62AD8D685005A9A1E /* Debug */ = {
			isa = XCBuildConfiguration;
			buildSettings = {
				ASSETCATALOG_COMPILER_APPICON_NAME = AppIcon;
				ASSETCATALOG_COMPILER_GLOBAL_ACCENT_COLOR_NAME = AccentColor;
				CODE_SIGN_STYLE = Automatic;
				CURRENT_PROJECT_VERSION = 1;
				DEVELOPMENT_ASSET_PATHS = "\"MedWise/Preview Content\"";
				DEVELOPMENT_TEAM = AW49X54JND;
				ENABLE_PREVIEWS = YES;
				GENERATE_INFOPLIST_FILE = YES;
				INFOPLIST_KEY_NSLocationAlwaysUsageDescription = "We need your location to provide continuous location-based services.";
				INFOPLIST_KEY_NSLocationWhenInUseUsageDescription = "We need your location to provide location-based services.";
				INFOPLIST_KEY_UIApplicationSceneManifest_Generation = YES;
				INFOPLIST_KEY_UIApplicationSupportsIndirectInputEvents = YES;
				INFOPLIST_KEY_UILaunchScreen_Generation = YES;
				INFOPLIST_KEY_UISupportedInterfaceOrientations = UIInterfaceOrientationPortrait;
				INFOPLIST_KEY_UISupportedInterfaceOrientations_iPad = "UIInterfaceOrientationLandscapeLeft UIInterfaceOrientationLandscapeRight UIInterfaceOrientationPortrait UIInterfaceOrientationPortraitUpsideDown";
				LD_RUNPATH_SEARCH_PATHS = (
					"$(inherited)",
					"@executable_path/Frameworks",
				);
				MARKETING_VERSION = 1.0;
				PRODUCT_BUNDLE_IDENTIFIER = com.group7.medwise.MedWise1;
				PRODUCT_NAME = "$(TARGET_NAME)";
				SWIFT_EMIT_LOC_STRINGS = YES;
				SWIFT_VERSION = 5.0;
				TARGETED_DEVICE_FAMILY = "1,2";
			};
			name = Debug;
		};
		FDC90BC72AD8D685005A9A1E /* Release */ = {
			isa = XCBuildConfiguration;
			buildSettings = {
				ASSETCATALOG_COMPILER_APPICON_NAME = AppIcon;
				ASSETCATALOG_COMPILER_GLOBAL_ACCENT_COLOR_NAME = AccentColor;
				CODE_SIGN_STYLE = Automatic;
				CURRENT_PROJECT_VERSION = 1;
				DEVELOPMENT_ASSET_PATHS = "\"MedWise/Preview Content\"";
				DEVELOPMENT_TEAM = AW49X54JND;
				ENABLE_PREVIEWS = YES;
				GENERATE_INFOPLIST_FILE = YES;
				INFOPLIST_KEY_NSLocationAlwaysUsageDescription = "We need your location to provide continuous location-based services.";
				INFOPLIST_KEY_NSLocationWhenInUseUsageDescription = "We need your location to provide location-based services.";
				INFOPLIST_KEY_UIApplicationSceneManifest_Generation = YES;
				INFOPLIST_KEY_UIApplicationSupportsIndirectInputEvents = YES;
				INFOPLIST_KEY_UILaunchScreen_Generation = YES;
				INFOPLIST_KEY_UISupportedInterfaceOrientations = UIInterfaceOrientationPortrait;
				INFOPLIST_KEY_UISupportedInterfaceOrientations_iPad = "UIInterfaceOrientationLandscapeLeft UIInterfaceOrientationLandscapeRight UIInterfaceOrientationPortrait UIInterfaceOrientationPortraitUpsideDown";
				LD_RUNPATH_SEARCH_PATHS = (
					"$(inherited)",
					"@executable_path/Frameworks",
				);
				MARKETING_VERSION = 1.0;
				PRODUCT_BUNDLE_IDENTIFIER = com.group7.medwise.MedWise1;
				PRODUCT_NAME = "$(TARGET_NAME)";
				SWIFT_EMIT_LOC_STRINGS = YES;
				SWIFT_VERSION = 5.0;
				TARGETED_DEVICE_FAMILY = "1,2";
			};
			name = Release;
		};
/* End XCBuildConfiguration section */

/* Begin XCConfigurationList section */
		FDC90BB22AD8D684005A9A1E /* Build configuration list for PBXProject "MedWise" */ = {
			isa = XCConfigurationList;
			buildConfigurations = (
				FDC90BC32AD8D685005A9A1E /* Debug */,
				FDC90BC42AD8D685005A9A1E /* Release */,
			);
			defaultConfigurationIsVisible = 0;
			defaultConfigurationName = Release;
		};
		FDC90BC52AD8D685005A9A1E /* Build configuration list for PBXNativeTarget "MedWise" */ = {
			isa = XCConfigurationList;
			buildConfigurations = (
				FDC90BC62AD8D685005A9A1E /* Debug */,
				FDC90BC72AD8D685005A9A1E /* Release */,
			);
			defaultConfigurationIsVisible = 0;
			defaultConfigurationName = Release;
		};
/* End XCConfigurationList section */

/* Begin XCRemoteSwiftPackageReference section */
		FDB87D512AE4567300B9B6A5 /* XCRemoteSwiftPackageReference "SQLite.swift" */ = {
			isa = XCRemoteSwiftPackageReference;
			repositoryURL = "https://github.com/stephencelis/SQLite.swift.git";
			requirement = {
				kind = upToNextMajorVersion;
				minimumVersion = 0.14.1;
			};
		};
/* End XCRemoteSwiftPackageReference section */

/* Begin XCSwiftPackageProductDependency section */
		FD1B610F2B2679A8004F1302 /* SQLite */ = {
			isa = XCSwiftPackageProductDependency;
			package = FDB87D512AE4567300B9B6A5 /* XCRemoteSwiftPackageReference "SQLite.swift" */;
			productName = SQLite;
		};
/* End XCSwiftPackageProductDependency section */
	};
	rootObject = FDC90BAF2AD8D684005A9A1E /* Project object */;
}
